// !$*UTF8*$!
{
	archiveVersion = 1;
	classes = {
	};
	objectVersion = 51;
	objects = {

/* Begin PBXBuildFile section */
		1D137CA912791E97274F20A2 /* Pods_RecruitBeeTests.framework in Frameworks */ = {isa = PBXBuildFile; fileRef = A47BAF04B4F0B16662A4A308 /* Pods_RecruitBeeTests.framework */; };
		6975DF9F23CB43E5008FDDAE /* RegisterViewController.swift in Sources */ = {isa = PBXBuildFile; fileRef = 6975DF9E23CB43E5008FDDAE /* RegisterViewController.swift */; };
		6975DFA323CB5140008FDDAE /* StudentRegisterViewController.swift in Sources */ = {isa = PBXBuildFile; fileRef = 6975DFA223CB5140008FDDAE /* StudentRegisterViewController.swift */; };
		6975DFA523CB5151008FDDAE /* CompanyRegisterViewController.swift in Sources */ = {isa = PBXBuildFile; fileRef = 6975DFA423CB5151008FDDAE /* CompanyRegisterViewController.swift */; };
		6975DFA723CB5160008FDDAE /* UniversityRegisterViewController.swift in Sources */ = {isa = PBXBuildFile; fileRef = 6975DFA623CB5160008FDDAE /* UniversityRegisterViewController.swift */; };
		6975DFA923CB72D5008FDDAE /* StudentUpdateViewController.swift in Sources */ = {isa = PBXBuildFile; fileRef = 6975DFA823CB72D5008FDDAE /* StudentUpdateViewController.swift */; };
		6975DFAB23CB72E3008FDDAE /* CompanyUpdateViewController.swift in Sources */ = {isa = PBXBuildFile; fileRef = 6975DFAA23CB72E3008FDDAE /* CompanyUpdateViewController.swift */; };
		6975DFAD23CBD099008FDDAE /* CompanyMainPageViewController.swift in Sources */ = {isa = PBXBuildFile; fileRef = 6975DFAC23CBD099008FDDAE /* CompanyMainPageViewController.swift */; };
		6975DFAF23CBD696008FDDAE /* UserDefaults.swift in Sources */ = {isa = PBXBuildFile; fileRef = 6975DFAE23CBD696008FDDAE /* UserDefaults.swift */; };
		6975DFB123CBDDF5008FDDAE /* StudentMainPageViewController.swift in Sources */ = {isa = PBXBuildFile; fileRef = 6975DFB023CBDDF5008FDDAE /* StudentMainPageViewController.swift */; };
		BBCBB5267AA5A5C7C881FB0A /* Pods_RecruitBee.framework in Frameworks */ = {isa = PBXBuildFile; fileRef = 2E033384C1F6D0A763C72EA1 /* Pods_RecruitBee.framework */; };
		FD48DF5623CA319900BE3B52 /* AppDelegate.swift in Sources */ = {isa = PBXBuildFile; fileRef = FD48DF5523CA319900BE3B52 /* AppDelegate.swift */; };
		FD48DF5823CA319900BE3B52 /* SceneDelegate.swift in Sources */ = {isa = PBXBuildFile; fileRef = FD48DF5723CA319900BE3B52 /* SceneDelegate.swift */; };
		FD48DF5A23CA319900BE3B52 /* LoginViewController.swift in Sources */ = {isa = PBXBuildFile; fileRef = FD48DF5923CA319900BE3B52 /* LoginViewController.swift */; };
		FD48DF5D23CA319900BE3B52 /* Main.storyboard in Resources */ = {isa = PBXBuildFile; fileRef = FD48DF5B23CA319900BE3B52 /* Main.storyboard */; };
		FD48DF5F23CA319A00BE3B52 /* Assets.xcassets in Resources */ = {isa = PBXBuildFile; fileRef = FD48DF5E23CA319A00BE3B52 /* Assets.xcassets */; };
		FD48DF6223CA319A00BE3B52 /* LaunchScreen.storyboard in Resources */ = {isa = PBXBuildFile; fileRef = FD48DF6023CA319A00BE3B52 /* LaunchScreen.storyboard */; };
		FD48DF6D23CA319A00BE3B52 /* RecruitBeeTests.swift in Sources */ = {isa = PBXBuildFile; fileRef = FD48DF6C23CA319A00BE3B52 /* RecruitBeeTests.swift */; };
		FD90E06423CA8E4F005A8D4F /* GoogleService-Info.plist in Resources */ = {isa = PBXBuildFile; fileRef = FD90E06323CA8E4F005A8D4F /* GoogleService-Info.plist */; };
/* End PBXBuildFile section */

/* Begin PBXContainerItemProxy section */
		FD48DF6923CA319A00BE3B52 /* PBXContainerItemProxy */ = {
			isa = PBXContainerItemProxy;
			containerPortal = FD48DF4A23CA319900BE3B52 /* Project object */;
			proxyType = 1;
			remoteGlobalIDString = FD48DF5123CA319900BE3B52;
			remoteInfo = RecruitBee;
		};
/* End PBXContainerItemProxy section */

/* Begin PBXFileReference section */
		15BDB2335B5821A5BC37FA63 /* Pods-RecruitBeeTests.debug.xcconfig */ = {isa = PBXFileReference; includeInIndex = 1; lastKnownFileType = text.xcconfig; name = "Pods-RecruitBeeTests.debug.xcconfig"; path = "Target Support Files/Pods-RecruitBeeTests/Pods-RecruitBeeTests.debug.xcconfig"; sourceTree = "<group>"; };
		21EF7B6D6ACCA8FEE3267E98 /* Pods-RecruitBee.debug.xcconfig */ = {isa = PBXFileReference; includeInIndex = 1; lastKnownFileType = text.xcconfig; name = "Pods-RecruitBee.debug.xcconfig"; path = "Target Support Files/Pods-RecruitBee/Pods-RecruitBee.debug.xcconfig"; sourceTree = "<group>"; };
		2E033384C1F6D0A763C72EA1 /* Pods_RecruitBee.framework */ = {isa = PBXFileReference; explicitFileType = wrapper.framework; includeInIndex = 0; path = Pods_RecruitBee.framework; sourceTree = BUILT_PRODUCTS_DIR; };
		6975DF9E23CB43E5008FDDAE /* RegisterViewController.swift */ = {isa = PBXFileReference; lastKnownFileType = sourcecode.swift; path = RegisterViewController.swift; sourceTree = "<group>"; };
		6975DFA223CB5140008FDDAE /* StudentRegisterViewController.swift */ = {isa = PBXFileReference; lastKnownFileType = sourcecode.swift; path = StudentRegisterViewController.swift; sourceTree = "<group>"; };
		6975DFA423CB5151008FDDAE /* CompanyRegisterViewController.swift */ = {isa = PBXFileReference; lastKnownFileType = sourcecode.swift; path = CompanyRegisterViewController.swift; sourceTree = "<group>"; };
		6975DFA623CB5160008FDDAE /* UniversityRegisterViewController.swift */ = {isa = PBXFileReference; lastKnownFileType = sourcecode.swift; path = UniversityRegisterViewController.swift; sourceTree = "<group>"; };
		6975DFA823CB72D5008FDDAE /* StudentUpdateViewController.swift */ = {isa = PBXFileReference; lastKnownFileType = sourcecode.swift; path = StudentUpdateViewController.swift; sourceTree = "<group>"; };
		6975DFAA23CB72E3008FDDAE /* CompanyUpdateViewController.swift */ = {isa = PBXFileReference; lastKnownFileType = sourcecode.swift; path = CompanyUpdateViewController.swift; sourceTree = "<group>"; };
		6975DFAC23CBD099008FDDAE /* CompanyMainPageViewController.swift */ = {isa = PBXFileReference; lastKnownFileType = sourcecode.swift; path = CompanyMainPageViewController.swift; sourceTree = "<group>"; };
		6975DFAE23CBD696008FDDAE /* UserDefaults.swift */ = {isa = PBXFileReference; lastKnownFileType = sourcecode.swift; path = UserDefaults.swift; sourceTree = "<group>"; };
		6975DFB023CBDDF5008FDDAE /* StudentMainPageViewController.swift */ = {isa = PBXFileReference; lastKnownFileType = sourcecode.swift; path = StudentMainPageViewController.swift; sourceTree = "<group>"; };
		8AE2196B40F6EEEE5385324E /* Pods-RecruitBee.release.xcconfig */ = {isa = PBXFileReference; includeInIndex = 1; lastKnownFileType = text.xcconfig; name = "Pods-RecruitBee.release.xcconfig"; path = "Target Support Files/Pods-RecruitBee/Pods-RecruitBee.release.xcconfig"; sourceTree = "<group>"; };
		A47BAF04B4F0B16662A4A308 /* Pods_RecruitBeeTests.framework */ = {isa = PBXFileReference; explicitFileType = wrapper.framework; includeInIndex = 0; path = Pods_RecruitBeeTests.framework; sourceTree = BUILT_PRODUCTS_DIR; };
		E38A9E9F0DFED0EFF00DE58D /* Pods-RecruitBeeTests.release.xcconfig */ = {isa = PBXFileReference; includeInIndex = 1; lastKnownFileType = text.xcconfig; name = "Pods-RecruitBeeTests.release.xcconfig"; path = "Target Support Files/Pods-RecruitBeeTests/Pods-RecruitBeeTests.release.xcconfig"; sourceTree = "<group>"; };
		FD48DF5223CA319900BE3B52 /* RecruitBee.app */ = {isa = PBXFileReference; explicitFileType = wrapper.application; includeInIndex = 0; path = RecruitBee.app; sourceTree = BUILT_PRODUCTS_DIR; };
		FD48DF5523CA319900BE3B52 /* AppDelegate.swift */ = {isa = PBXFileReference; lastKnownFileType = sourcecode.swift; path = AppDelegate.swift; sourceTree = "<group>"; };
		FD48DF5723CA319900BE3B52 /* SceneDelegate.swift */ = {isa = PBXFileReference; lastKnownFileType = sourcecode.swift; path = SceneDelegate.swift; sourceTree = "<group>"; };
		FD48DF5923CA319900BE3B52 /* LoginViewController.swift */ = {isa = PBXFileReference; lastKnownFileType = sourcecode.swift; path = LoginViewController.swift; sourceTree = "<group>"; };
		FD48DF5C23CA319900BE3B52 /* Base */ = {isa = PBXFileReference; lastKnownFileType = file.storyboard; name = Base; path = Base.lproj/Main.storyboard; sourceTree = "<group>"; };
		FD48DF5E23CA319A00BE3B52 /* Assets.xcassets */ = {isa = PBXFileReference; lastKnownFileType = folder.assetcatalog; path = Assets.xcassets; sourceTree = "<group>"; };
		FD48DF6123CA319A00BE3B52 /* Base */ = {isa = PBXFileReference; lastKnownFileType = file.storyboard; name = Base; path = Base.lproj/LaunchScreen.storyboard; sourceTree = "<group>"; };
		FD48DF6323CA319A00BE3B52 /* Info.plist */ = {isa = PBXFileReference; lastKnownFileType = text.plist.xml; path = Info.plist; sourceTree = "<group>"; };
		FD48DF6823CA319A00BE3B52 /* RecruitBeeTests.xctest */ = {isa = PBXFileReference; explicitFileType = wrapper.cfbundle; includeInIndex = 0; path = RecruitBeeTests.xctest; sourceTree = BUILT_PRODUCTS_DIR; };
		FD48DF6C23CA319A00BE3B52 /* RecruitBeeTests.swift */ = {isa = PBXFileReference; lastKnownFileType = sourcecode.swift; path = RecruitBeeTests.swift; sourceTree = "<group>"; };
		FD48DF6E23CA319A00BE3B52 /* Info.plist */ = {isa = PBXFileReference; lastKnownFileType = text.plist.xml; path = Info.plist; sourceTree = "<group>"; };
		FD90E06323CA8E4F005A8D4F /* GoogleService-Info.plist */ = {isa = PBXFileReference; fileEncoding = 4; lastKnownFileType = text.plist.xml; path = "GoogleService-Info.plist"; sourceTree = "<group>"; };
/* End PBXFileReference section */

/* Begin PBXFrameworksBuildPhase section */
		FD48DF4F23CA319900BE3B52 /* Frameworks */ = {
			isa = PBXFrameworksBuildPhase;
			buildActionMask = 2147483647;
			files = (
				BBCBB5267AA5A5C7C881FB0A /* Pods_RecruitBee.framework in Frameworks */,
			);
			runOnlyForDeploymentPostprocessing = 0;
		};
		FD48DF6523CA319A00BE3B52 /* Frameworks */ = {
			isa = PBXFrameworksBuildPhase;
			buildActionMask = 2147483647;
			files = (
				1D137CA912791E97274F20A2 /* Pods_RecruitBeeTests.framework in Frameworks */,
			);
			runOnlyForDeploymentPostprocessing = 0;
		};
/* End PBXFrameworksBuildPhase section */

/* Begin PBXGroup section */
		3EDAC9BBA47FE8A29CBD052E /* Frameworks */ = {
			isa = PBXGroup;
			children = (
				2E033384C1F6D0A763C72EA1 /* Pods_RecruitBee.framework */,
				A47BAF04B4F0B16662A4A308 /* Pods_RecruitBeeTests.framework */,
			);
			name = Frameworks;
			sourceTree = "<group>";
		};
		CAE386ED607820C0D4198BF8 /* Pods */ = {
			isa = PBXGroup;
			children = (
				21EF7B6D6ACCA8FEE3267E98 /* Pods-RecruitBee.debug.xcconfig */,
				8AE2196B40F6EEEE5385324E /* Pods-RecruitBee.release.xcconfig */,
				15BDB2335B5821A5BC37FA63 /* Pods-RecruitBeeTests.debug.xcconfig */,
				E38A9E9F0DFED0EFF00DE58D /* Pods-RecruitBeeTests.release.xcconfig */,
			);
			path = Pods;
			sourceTree = "<group>";
		};
		FD48DF4923CA319900BE3B52 = {
			isa = PBXGroup;
			children = (
				FD48DF5423CA319900BE3B52 /* RecruitBee */,
				FD48DF6B23CA319A00BE3B52 /* RecruitBeeTests */,
				FD48DF5323CA319900BE3B52 /* Products */,
				CAE386ED607820C0D4198BF8 /* Pods */,
				3EDAC9BBA47FE8A29CBD052E /* Frameworks */,
			);
			sourceTree = "<group>";
		};
		FD48DF5323CA319900BE3B52 /* Products */ = {
			isa = PBXGroup;
			children = (
				FD48DF5223CA319900BE3B52 /* RecruitBee.app */,
				FD48DF6823CA319A00BE3B52 /* RecruitBeeTests.xctest */,
			);
			name = Products;
			sourceTree = "<group>";
		};
		FD48DF5423CA319900BE3B52 /* RecruitBee */ = {
			isa = PBXGroup;
			children = (
				FD48DF7823CA40A800BE3B52 /* model */,
				FD48DF7723CA409B00BE3B52 /* controller */,
				FD48DF5523CA319900BE3B52 /* AppDelegate.swift */,
				FD48DF5723CA319900BE3B52 /* SceneDelegate.swift */,
				FD48DF5B23CA319900BE3B52 /* Main.storyboard */,
				FD48DF5E23CA319A00BE3B52 /* Assets.xcassets */,
				FD48DF6023CA319A00BE3B52 /* LaunchScreen.storyboard */,
				FD90E06323CA8E4F005A8D4F /* GoogleService-Info.plist */,
				FD48DF6323CA319A00BE3B52 /* Info.plist */,
				6975DFAE23CBD696008FDDAE /* UserDefaults.swift */,
			);
			path = RecruitBee;
			sourceTree = "<group>";
		};
		FD48DF6B23CA319A00BE3B52 /* RecruitBeeTests */ = {
			isa = PBXGroup;
			children = (
				FD48DF6C23CA319A00BE3B52 /* RecruitBeeTests.swift */,
				FD48DF6E23CA319A00BE3B52 /* Info.plist */,
			);
			path = RecruitBeeTests;
			sourceTree = "<group>";
		};
		FD48DF7723CA409B00BE3B52 /* controller */ = {
			isa = PBXGroup;
			children = (
				FD48DF5923CA319900BE3B52 /* LoginViewController.swift */,
				6975DF9E23CB43E5008FDDAE /* RegisterViewController.swift */,
				6975DFA223CB5140008FDDAE /* StudentRegisterViewController.swift */,
				6975DFA423CB5151008FDDAE /* CompanyRegisterViewController.swift */,
				6975DFA623CB5160008FDDAE /* UniversityRegisterViewController.swift */,
				6975DFA823CB72D5008FDDAE /* StudentUpdateViewController.swift */,
				6975DFAA23CB72E3008FDDAE /* CompanyUpdateViewController.swift */,
				6975DFAC23CBD099008FDDAE /* CompanyMainPageViewController.swift */,
				6975DFB023CBDDF5008FDDAE /* StudentMainPageViewController.swift */,
			);
			path = controller;
			sourceTree = "<group>";
		};
		FD48DF7823CA40A800BE3B52 /* model */ = {
			isa = PBXGroup;
			children = (
			);
			path = model;
			sourceTree = "<group>";
		};
/* End PBXGroup section */

/* Begin PBXNativeTarget section */
		FD48DF5123CA319900BE3B52 /* RecruitBee */ = {
			isa = PBXNativeTarget;
			buildConfigurationList = FD48DF7123CA319A00BE3B52 /* Build configuration list for PBXNativeTarget "RecruitBee" */;
			buildPhases = (
				55C9871A69EA307452C6785D /* [CP] Check Pods Manifest.lock */,
				FD48DF4E23CA319900BE3B52 /* Sources */,
				FD48DF4F23CA319900BE3B52 /* Frameworks */,
				FD48DF5023CA319900BE3B52 /* Resources */,
				ADE87C17692DF57B1230A9C3 /* [CP] Embed Pods Frameworks */,
			);
			buildRules = (
			);
			dependencies = (
			);
			name = RecruitBee;
			productName = RecruitBee;
			productReference = FD48DF5223CA319900BE3B52 /* RecruitBee.app */;
			productType = "com.apple.product-type.application";
		};
		FD48DF6723CA319A00BE3B52 /* RecruitBeeTests */ = {
			isa = PBXNativeTarget;
			buildConfigurationList = FD48DF7423CA319A00BE3B52 /* Build configuration list for PBXNativeTarget "RecruitBeeTests" */;
			buildPhases = (
				796C64BD79FEC615DAD69B96 /* [CP] Check Pods Manifest.lock */,
				FD48DF6423CA319A00BE3B52 /* Sources */,
				FD48DF6523CA319A00BE3B52 /* Frameworks */,
				FD48DF6623CA319A00BE3B52 /* Resources */,
			);
			buildRules = (
			);
			dependencies = (
				FD48DF6A23CA319A00BE3B52 /* PBXTargetDependency */,
			);
			name = RecruitBeeTests;
			productName = RecruitBeeTests;
			productReference = FD48DF6823CA319A00BE3B52 /* RecruitBeeTests.xctest */;
			productType = "com.apple.product-type.bundle.unit-test";
		};
/* End PBXNativeTarget section */

/* Begin PBXProject section */
		FD48DF4A23CA319900BE3B52 /* Project object */ = {
			isa = PBXProject;
			attributes = {
				LastSwiftUpdateCheck = 1130;
				LastUpgradeCheck = 1130;
				ORGANIZATIONNAME = "Adrian-Bogdan Leanca";
				TargetAttributes = {
					FD48DF5123CA319900BE3B52 = {
						CreatedOnToolsVersion = 11.3;
					};
					FD48DF6723CA319A00BE3B52 = {
						CreatedOnToolsVersion = 11.3;
						TestTargetID = FD48DF5123CA319900BE3B52;
					};
				};
			};
			buildConfigurationList = FD48DF4D23CA319900BE3B52 /* Build configuration list for PBXProject "RecruitBee" */;
			compatibilityVersion = "Xcode 9.3";
			developmentRegion = en;
			hasScannedForEncodings = 0;
			knownRegions = (
				en,
				Base,
			);
			mainGroup = FD48DF4923CA319900BE3B52;
			productRefGroup = FD48DF5323CA319900BE3B52 /* Products */;
			projectDirPath = "";
			projectRoot = "";
			targets = (
				FD48DF5123CA319900BE3B52 /* RecruitBee */,
				FD48DF6723CA319A00BE3B52 /* RecruitBeeTests */,
			);
		};
/* End PBXProject section */

/* Begin PBXResourcesBuildPhase section */
		FD48DF5023CA319900BE3B52 /* Resources */ = {
			isa = PBXResourcesBuildPhase;
			buildActionMask = 2147483647;
			files = (
				FD48DF6223CA319A00BE3B52 /* LaunchScreen.storyboard in Resources */,
				FD90E06423CA8E4F005A8D4F /* GoogleService-Info.plist in Resources */,
				FD48DF5F23CA319A00BE3B52 /* Assets.xcassets in Resources */,
				FD48DF5D23CA319900BE3B52 /* Main.storyboard in Resources */,
			);
			runOnlyForDeploymentPostprocessing = 0;
		};
		FD48DF6623CA319A00BE3B52 /* Resources */ = {
			isa = PBXResourcesBuildPhase;
			buildActionMask = 2147483647;
			files = (
			);
			runOnlyForDeploymentPostprocessing = 0;
		};
/* End PBXResourcesBuildPhase section */

/* Begin PBXShellScriptBuildPhase section */
		55C9871A69EA307452C6785D /* [CP] Check Pods Manifest.lock */ = {
			isa = PBXShellScriptBuildPhase;
			buildActionMask = 2147483647;
			files = (
			);
			inputFileListPaths = (
			);
			inputPaths = (
				"${PODS_PODFILE_DIR_PATH}/Podfile.lock",
				"${PODS_ROOT}/Manifest.lock",
			);
			name = "[CP] Check Pods Manifest.lock";
			outputFileListPaths = (
			);
			outputPaths = (
				"$(DERIVED_FILE_DIR)/Pods-RecruitBee-checkManifestLockResult.txt",
			);
			runOnlyForDeploymentPostprocessing = 0;
			shellPath = /bin/sh;
			shellScript = "diff \"${PODS_PODFILE_DIR_PATH}/Podfile.lock\" \"${PODS_ROOT}/Manifest.lock\" > /dev/null\nif [ $? != 0 ] ; then\n    # print error to STDERR\n    echo \"error: The sandbox is not in sync with the Podfile.lock. Run 'pod install' or update your CocoaPods installation.\" >&2\n    exit 1\nfi\n# This output is used by Xcode 'outputs' to avoid re-running this script phase.\necho \"SUCCESS\" > \"${SCRIPT_OUTPUT_FILE_0}\"\n";
			showEnvVarsInLog = 0;
		};
		796C64BD79FEC615DAD69B96 /* [CP] Check Pods Manifest.lock */ = {
			isa = PBXShellScriptBuildPhase;
			buildActionMask = 2147483647;
			files = (
			);
			inputFileListPaths = (
			);
			inputPaths = (
				"${PODS_PODFILE_DIR_PATH}/Podfile.lock",
				"${PODS_ROOT}/Manifest.lock",
			);
			name = "[CP] Check Pods Manifest.lock";
			outputFileListPaths = (
			);
			outputPaths = (
				"$(DERIVED_FILE_DIR)/Pods-RecruitBeeTests-checkManifestLockResult.txt",
			);
			runOnlyForDeploymentPostprocessing = 0;
			shellPath = /bin/sh;
			shellScript = "diff \"${PODS_PODFILE_DIR_PATH}/Podfile.lock\" \"${PODS_ROOT}/Manifest.lock\" > /dev/null\nif [ $? != 0 ] ; then\n    # print error to STDERR\n    echo \"error: The sandbox is not in sync with the Podfile.lock. Run 'pod install' or update your CocoaPods installation.\" >&2\n    exit 1\nfi\n# This output is used by Xcode 'outputs' to avoid re-running this script phase.\necho \"SUCCESS\" > \"${SCRIPT_OUTPUT_FILE_0}\"\n";
			showEnvVarsInLog = 0;
		};
		ADE87C17692DF57B1230A9C3 /* [CP] Embed Pods Frameworks */ = {
			isa = PBXShellScriptBuildPhase;
			buildActionMask = 2147483647;
			files = (
			);
			inputFileListPaths = (
				"${PODS_ROOT}/Target Support Files/Pods-RecruitBee/Pods-RecruitBee-frameworks-${CONFIGURATION}-input-files.xcfilelist",
			);
			name = "[CP] Embed Pods Frameworks";
			outputFileListPaths = (
				"${PODS_ROOT}/Target Support Files/Pods-RecruitBee/Pods-RecruitBee-frameworks-${CONFIGURATION}-output-files.xcfilelist",
			);
			runOnlyForDeploymentPostprocessing = 0;
			shellPath = /bin/sh;
			shellScript = "\"${PODS_ROOT}/Target Support Files/Pods-RecruitBee/Pods-RecruitBee-frameworks.sh\"\n";
			showEnvVarsInLog = 0;
		};
/* End PBXShellScriptBuildPhase section */

/* Begin PBXSourcesBuildPhase section */
		FD48DF4E23CA319900BE3B52 /* Sources */ = {
			isa = PBXSourcesBuildPhase;
			buildActionMask = 2147483647;
			files = (
				FD48DF5A23CA319900BE3B52 /* LoginViewController.swift in Sources */,
				6975DFA523CB5151008FDDAE /* CompanyRegisterViewController.swift in Sources */,
				6975DFB123CBDDF5008FDDAE /* StudentMainPageViewController.swift in Sources */,
				6975DFAB23CB72E3008FDDAE /* CompanyUpdateViewController.swift in Sources */,
				6975DFAF23CBD696008FDDAE /* UserDefaults.swift in Sources */,
				6975DFA723CB5160008FDDAE /* UniversityRegisterViewController.swift in Sources */,
				FD48DF5623CA319900BE3B52 /* AppDelegate.swift in Sources */,
				FD48DF5823CA319900BE3B52 /* SceneDelegate.swift in Sources */,
				6975DFA323CB5140008FDDAE /* StudentRegisterViewController.swift in Sources */,
				6975DF9F23CB43E5008FDDAE /* RegisterViewController.swift in Sources */,
				6975DFAD23CBD099008FDDAE /* CompanyMainPageViewController.swift in Sources */,
				6975DFA923CB72D5008FDDAE /* StudentUpdateViewController.swift in Sources */,
			);
			runOnlyForDeploymentPostprocessing = 0;
		};
		FD48DF6423CA319A00BE3B52 /* Sources */ = {
			isa = PBXSourcesBuildPhase;
			buildActionMask = 2147483647;
			files = (
				FD48DF6D23CA319A00BE3B52 /* RecruitBeeTests.swift in Sources */,
			);
			runOnlyForDeploymentPostprocessing = 0;
		};
/* End PBXSourcesBuildPhase section */

/* Begin PBXTargetDependency section */
		FD48DF6A23CA319A00BE3B52 /* PBXTargetDependency */ = {
			isa = PBXTargetDependency;
			target = FD48DF5123CA319900BE3B52 /* RecruitBee */;
			targetProxy = FD48DF6923CA319A00BE3B52 /* PBXContainerItemProxy */;
		};
/* End PBXTargetDependency section */

/* Begin PBXVariantGroup section */
		FD48DF5B23CA319900BE3B52 /* Main.storyboard */ = {
			isa = PBXVariantGroup;
			children = (
				FD48DF5C23CA319900BE3B52 /* Base */,
			);
			name = Main.storyboard;
			sourceTree = "<group>";
		};
		FD48DF6023CA319A00BE3B52 /* LaunchScreen.storyboard */ = {
			isa = PBXVariantGroup;
			children = (
				FD48DF6123CA319A00BE3B52 /* Base */,
			);
			name = LaunchScreen.storyboard;
			sourceTree = "<group>";
		};
/* End PBXVariantGroup section */

/* Begin XCBuildConfiguration section */
		FD48DF6F23CA319A00BE3B52 /* Debug */ = {
			isa = XCBuildConfiguration;
			buildSettings = {
				ALWAYS_SEARCH_USER_PATHS = NO;
				CLANG_ANALYZER_NONNULL = YES;
				CLANG_ANALYZER_NUMBER_OBJECT_CONVERSION = YES_AGGRESSIVE;
				CLANG_CXX_LANGUAGE_STANDARD = "gnu++14";
				CLANG_CXX_LIBRARY = "libc++";
				CLANG_ENABLE_MODULES = YES;
				CLANG_ENABLE_OBJC_ARC = YES;
				CLANG_ENABLE_OBJC_WEAK = YES;
				CLANG_WARN_BLOCK_CAPTURE_AUTORELEASING = YES;
				CLANG_WARN_BOOL_CONVERSION = YES;
				CLANG_WARN_COMMA = YES;
				CLANG_WARN_CONSTANT_CONVERSION = YES;
				CLANG_WARN_DEPRECATED_OBJC_IMPLEMENTATIONS = YES;
				CLANG_WARN_DIRECT_OBJC_ISA_USAGE = YES_ERROR;
				CLANG_WARN_DOCUMENTATION_COMMENTS = YES;
				CLANG_WARN_EMPTY_BODY = YES;
				CLANG_WARN_ENUM_CONVERSION = YES;
				CLANG_WARN_INFINITE_RECURSION = YES;
				CLANG_WARN_INT_CONVERSION = YES;
				CLANG_WARN_NON_LITERAL_NULL_CONVERSION = YES;
				CLANG_WARN_OBJC_IMPLICIT_RETAIN_SELF = YES;
				CLANG_WARN_OBJC_LITERAL_CONVERSION = YES;
				CLANG_WARN_OBJC_ROOT_CLASS = YES_ERROR;
				CLANG_WARN_RANGE_LOOP_ANALYSIS = YES;
				CLANG_WARN_STRICT_PROTOTYPES = YES;
				CLANG_WARN_SUSPICIOUS_MOVE = YES;
				CLANG_WARN_UNGUARDED_AVAILABILITY = YES_AGGRESSIVE;
				CLANG_WARN_UNREACHABLE_CODE = YES;
				CLANG_WARN__DUPLICATE_METHOD_MATCH = YES;
				COPY_PHASE_STRIP = NO;
				DEBUG_INFORMATION_FORMAT = dwarf;
				ENABLE_STRICT_OBJC_MSGSEND = YES;
				ENABLE_TESTABILITY = YES;
				GCC_C_LANGUAGE_STANDARD = gnu11;
				GCC_DYNAMIC_NO_PIC = NO;
				GCC_NO_COMMON_BLOCKS = YES;
				GCC_OPTIMIZATION_LEVEL = 0;
				GCC_PREPROCESSOR_DEFINITIONS = (
					"DEBUG=1",
					"$(inherited)",
				);
				GCC_WARN_64_TO_32_BIT_CONVERSION = YES;
				GCC_WARN_ABOUT_RETURN_TYPE = YES_ERROR;
				GCC_WARN_UNDECLARED_SELECTOR = YES;
				GCC_WARN_UNINITIALIZED_AUTOS = YES_AGGRESSIVE;
				GCC_WARN_UNUSED_FUNCTION = YES;
				GCC_WARN_UNUSED_VARIABLE = YES;
				IPHONEOS_DEPLOYMENT_TARGET = 13.2;
				MTL_ENABLE_DEBUG_INFO = INCLUDE_SOURCE;
				MTL_FAST_MATH = YES;
				ONLY_ACTIVE_ARCH = YES;
				SDKROOT = iphoneos;
				SWIFT_ACTIVE_COMPILATION_CONDITIONS = DEBUG;
				SWIFT_OPTIMIZATION_LEVEL = "-Onone";
			};
			name = Debug;
		};
		FD48DF7023CA319A00BE3B52 /* Release */ = {
			isa = XCBuildConfiguration;
			buildSettings = {
				ALWAYS_SEARCH_USER_PATHS = NO;
				CLANG_ANALYZER_NONNULL = YES;
				CLANG_ANALYZER_NUMBER_OBJECT_CONVERSION = YES_AGGRESSIVE;
				CLANG_CXX_LANGUAGE_STANDARD = "gnu++14";
				CLANG_CXX_LIBRARY = "libc++";
				CLANG_ENABLE_MODULES = YES;
				CLANG_ENABLE_OBJC_ARC = YES;
				CLANG_ENABLE_OBJC_WEAK = YES;
				CLANG_WARN_BLOCK_CAPTURE_AUTORELEASING = YES;
				CLANG_WARN_BOOL_CONVERSION = YES;
				CLANG_WARN_COMMA = YES;
				CLANG_WARN_CONSTANT_CONVERSION = YES;
				CLANG_WARN_DEPRECATED_OBJC_IMPLEMENTATIONS = YES;
				CLANG_WARN_DIRECT_OBJC_ISA_USAGE = YES_ERROR;
				CLANG_WARN_DOCUMENTATION_COMMENTS = YES;
				CLANG_WARN_EMPTY_BODY = YES;
				CLANG_WARN_ENUM_CONVERSION = YES;
				CLANG_WARN_INFINITE_RECURSION = YES;
				CLANG_WARN_INT_CONVERSION = YES;
				CLANG_WARN_NON_LITERAL_NULL_CONVERSION = YES;
				CLANG_WARN_OBJC_IMPLICIT_RETAIN_SELF = YES;
				CLANG_WARN_OBJC_LITERAL_CONVERSION = YES;
				CLANG_WARN_OBJC_ROOT_CLASS = YES_ERROR;
				CLANG_WARN_RANGE_LOOP_ANALYSIS = YES;
				CLANG_WARN_STRICT_PROTOTYPES = YES;
				CLANG_WARN_SUSPICIOUS_MOVE = YES;
				CLANG_WARN_UNGUARDED_AVAILABILITY = YES_AGGRESSIVE;
				CLANG_WARN_UNREACHABLE_CODE = YES;
				CLANG_WARN__DUPLICATE_METHOD_MATCH = YES;
				COPY_PHASE_STRIP = NO;
				DEBUG_INFORMATION_FORMAT = "dwarf-with-dsym";
				ENABLE_NS_ASSERTIONS = NO;
				ENABLE_STRICT_OBJC_MSGSEND = YES;
				GCC_C_LANGUAGE_STANDARD = gnu11;
				GCC_NO_COMMON_BLOCKS = YES;
				GCC_WARN_64_TO_32_BIT_CONVERSION = YES;
				GCC_WARN_ABOUT_RETURN_TYPE = YES_ERROR;
				GCC_WARN_UNDECLARED_SELECTOR = YES;
				GCC_WARN_UNINITIALIZED_AUTOS = YES_AGGRESSIVE;
				GCC_WARN_UNUSED_FUNCTION = YES;
				GCC_WARN_UNUSED_VARIABLE = YES;
				IPHONEOS_DEPLOYMENT_TARGET = 13.2;
				MTL_ENABLE_DEBUG_INFO = NO;
				MTL_FAST_MATH = YES;
				SDKROOT = iphoneos;
				SWIFT_COMPILATION_MODE = wholemodule;
				SWIFT_OPTIMIZATION_LEVEL = "-O";
				VALIDATE_PRODUCT = YES;
			};
			name = Release;
		};
		FD48DF7223CA319A00BE3B52 /* Debug */ = {
			isa = XCBuildConfiguration;
			baseConfigurationReference = 21EF7B6D6ACCA8FEE3267E98 /* Pods-RecruitBee.debug.xcconfig */;
			buildSettings = {
				ASSETCATALOG_COMPILER_APPICON_NAME = AppIcon;
				CODE_SIGN_STYLE = Automatic;
				DEVELOPMENT_TEAM = ARV8LDK7AH;
				INFOPLIST_FILE = RecruitBee/Info.plist;
				LD_RUNPATH_SEARCH_PATHS = (
					"$(inherited)",
					"@executable_path/Frameworks",
				);
				PRODUCT_BUNDLE_IDENTIFIER = bla.RecruitBee;
				PRODUCT_NAME = "$(TARGET_NAME)";
				SWIFT_VERSION = 5.0;
				TARGETED_DEVICE_FAMILY = "1,2";
			};
			name = Debug;
		};
		FD48DF7323CA319A00BE3B52 /* Release */ = {
			isa = XCBuildConfiguration;
			baseConfigurationReference = 8AE2196B40F6EEEE5385324E /* Pods-RecruitBee.release.xcconfig */;
			buildSettings = {
				ASSETCATALOG_COMPILER_APPICON_NAME = AppIcon;
				CODE_SIGN_STYLE = Automatic;
				DEVELOPMENT_TEAM = ARV8LDK7AH;
				INFOPLIST_FILE = RecruitBee/Info.plist;
				LD_RUNPATH_SEARCH_PATHS = (
					"$(inherited)",
					"@executable_path/Frameworks",
				);
				PRODUCT_BUNDLE_IDENTIFIER = bla.RecruitBee;
				PRODUCT_NAME = "$(TARGET_NAME)";
				SWIFT_VERSION = 5.0;
				TARGETED_DEVICE_FAMILY = "1,2";
			};
			name = Release;
		};
		FD48DF7523CA319A00BE3B52 /* Debug */ = {
			isa = XCBuildConfiguration;
			baseConfigurationReference = 15BDB2335B5821A5BC37FA63 /* Pods-RecruitBeeTests.debug.xcconfig */;
			buildSettings = {
				ALWAYS_EMBED_SWIFT_STANDARD_LIBRARIES = YES;
				BUNDLE_LOADER = "$(TEST_HOST)";
				CODE_SIGN_STYLE = Automatic;
				DEVELOPMENT_TEAM = ARV8LDK7AH;
				INFOPLIST_FILE = RecruitBeeTests/Info.plist;
				IPHONEOS_DEPLOYMENT_TARGET = 13.2;
				LD_RUNPATH_SEARCH_PATHS = (
					"$(inherited)",
					"@executable_path/Frameworks",
					"@loader_path/Frameworks",
				);
				PRODUCT_BUNDLE_IDENTIFIER = bla.RecruitBeeTests;
				PRODUCT_NAME = "$(TARGET_NAME)";
				SWIFT_VERSION = 5.0;
				TARGETED_DEVICE_FAMILY = "1,2";
				TEST_HOST = "$(BUILT_PRODUCTS_DIR)/RecruitBee.app/RecruitBee";
			};
			name = Debug;
		};
		FD48DF7623CA319A00BE3B52 /* Release */ = {
			isa = XCBuildConfiguration;
			baseConfigurationReference = E38A9E9F0DFED0EFF00DE58D /* Pods-RecruitBeeTests.release.xcconfig */;
			buildSettings = {
				ALWAYS_EMBED_SWIFT_STANDARD_LIBRARIES = YES;
				BUNDLE_LOADER = "$(TEST_HOST)";
				CODE_SIGN_STYLE = Automatic;
				DEVELOPMENT_TEAM = ARV8LDK7AH;
				INFOPLIST_FILE = RecruitBeeTests/Info.plist;
				IPHONEOS_DEPLOYMENT_TARGET = 13.2;
				LD_RUNPATH_SEARCH_PATHS = (
					"$(inherited)",
					"@executable_path/Frameworks",
					"@loader_path/Frameworks",
				);
				PRODUCT_BUNDLE_IDENTIFIER = bla.RecruitBeeTests;
				PRODUCT_NAME = "$(TARGET_NAME)";
				SWIFT_VERSION = 5.0;
				TARGETED_DEVICE_FAMILY = "1,2";
				TEST_HOST = "$(BUILT_PRODUCTS_DIR)/RecruitBee.app/RecruitBee";
			};
			name = Release;
		};
/* End XCBuildConfiguration section */

/* Begin XCConfigurationList section */
		FD48DF4D23CA319900BE3B52 /* Build configuration list for PBXProject "RecruitBee" */ = {
			isa = XCConfigurationList;
			buildConfigurations = (
				FD48DF6F23CA319A00BE3B52 /* Debug */,
				FD48DF7023CA319A00BE3B52 /* Release */,
			);
			defaultConfigurationIsVisible = 0;
			defaultConfigurationName = Release;
		};
		FD48DF7123CA319A00BE3B52 /* Build configuration list for PBXNativeTarget "RecruitBee" */ = {
			isa = XCConfigurationList;
			buildConfigurations = (
				FD48DF7223CA319A00BE3B52 /* Debug */,
				FD48DF7323CA319A00BE3B52 /* Release */,
			);
			defaultConfigurationIsVisible = 0;
			defaultConfigurationName = Release;
		};
		FD48DF7423CA319A00BE3B52 /* Build configuration list for PBXNativeTarget "RecruitBeeTests" */ = {
			isa = XCConfigurationList;
			buildConfigurations = (
				FD48DF7523CA319A00BE3B52 /* Debug */,
				FD48DF7623CA319A00BE3B52 /* Release */,
			);
			defaultConfigurationIsVisible = 0;
			defaultConfigurationName = Release;
		};
/* End XCConfigurationList section */
	};
	rootObject = FD48DF4A23CA319900BE3B52 /* Project object */;
}
